
Microsoft Visual Studio Solution File, Format Version 12.00
# Visual Studio Version 16
VisualStudioVersion = 16.0.29911.84
MinimumVisualStudioVersion = 10.0.40219.1
Project("{FAE04EC0-301F-11D3-BF4B-00C04F79EFBC}") = "SampleUnitConverter", "SampleUnitConverter\SampleUnitConverter.csproj", "{6DD5000C-D7C1-41BF-80F4-CA139AA82800}"
EndProject
Global
	GlobalSection(SolutionConfigurationPlatforms) = preSolution
		Debug|Any CPU = Debug|Any CPU
		Release|Any CPU = Release|Any CPU
	EndGlobalSection
	GlobalSection(ProjectConfigurationPlatforms) = postSolution
		{6DD5000C-D7C1-41BF-80F4-CA139AA82800}.Debug|Any CPU.ActiveCfg = Debug|Any CPU
		{6DD5000C-D7C1-41BF-80F4-CA139AA82800}.Debug|Any CPU.Build.0 = Debug|Any CPU
		{6DD5000C-D7C1-41BF-80F4-CA139AA82800}.Release|Any CPU.ActiveCfg = Release|Any CPU
		{6DD5000C-D7C1-41BF-80F4-CA139AA82800}.Release|Any CPU.Build.0 = Release|Any CPU
	EndGlobalSection
	GlobalSection(SolutionProperties) = preSolution
		HideSolutionNode = FALSE
	EndGlobalSection
	GlobalSection(ExtensibilityGlobals) = postSolution
		SolutionGuid = {6B43024F-CA59-4551-ADDA-4145132D9295}
	EndGlobalSection
EndGlobal
